
Microsoft Visual Studio Solution File, Format Version 12.00
# Visual Studio Version 17
VisualStudioVersion = 17.2.32616.157
MinimumVisualStudioVersion = 10.0.40219.1
Project("{FAE04EC0-301F-11D3-BF4B-00C04F79EFBC}") = "WpfApp1", "WpfApp1\WpfApp1.csproj", "{680C9004-493C-433E-A246-3C8E67B1AD45}"
EndProject
Global
	GlobalSection(SolutionConfigurationPlatforms) = preSolution
		Debug|Any CPU = Debug|Any CPU
		Release|Any CPU = Release|Any CPU
	EndGlobalSection
	GlobalSection(ProjectConfigurationPlatforms) = postSolution
		{680C9004-493C-433E-A246-3C8E67B1AD45}.Debug|Any CPU.ActiveCfg = Debug|Any CPU
		{680C9004-493C-433E-A246-3C8E67B1AD45}.Debug|Any CPU.Build.0 = Debug|Any CPU
		{680C9004-493C-433E-A246-3C8E67B1AD45}.Release|Any CPU.ActiveCfg = Release|Any CPU
		{680C9004-493C-433E-A246-3C8E67B1AD45}.Release|Any CPU.Build.0 = Release|Any CPU
	EndGlobalSection
	GlobalSection(SolutionProperties) = preSolution
		HideSolutionNode = FALSE
	EndGlobalSection
	GlobalSection(ExtensibilityGlobals) = postSolution
		SolutionGuid = {1FF6203E-E8F4-4BA9-8EE6-2F237B658272}
	EndGlobalSection
EndGlobal
